
Microsoft Visual Studio Solution File, Format Version 12.00
# Visual Studio Version 17
VisualStudioVersion = 17.9.34714.143
MinimumVisualStudioVersion = 10.0.40219.1
Project("{FAE04EC0-301F-11D3-BF4B-00C04F79EFBC}") = "VerificationProvider", "VerificationProvider\VerificationProvider.csproj", "{DB394D63-2B22-4953-9E43-8A238909139B}"
EndProject
Global
	GlobalSection(SolutionConfigurationPlatforms) = preSolution
		Debug|Any CPU = Debug|Any CPU
		Release|Any CPU = Release|Any CPU
	EndGlobalSection
	GlobalSection(ProjectConfigurationPlatforms) = postSolution
		{DB394D63-2B22-4953-9E43-8A238909139B}.Debug|Any CPU.ActiveCfg = Debug|Any CPU
		{DB394D63-2B22-4953-9E43-8A238909139B}.Debug|Any CPU.Build.0 = Debug|Any CPU
		{DB394D63-2B22-4953-9E43-8A238909139B}.Release|Any CPU.ActiveCfg = Release|Any CPU
		{DB394D63-2B22-4953-9E43-8A238909139B}.Release|Any CPU.Build.0 = Release|Any CPU
	EndGlobalSection
	GlobalSection(SolutionProperties) = preSolution
		HideSolutionNode = FALSE
	EndGlobalSection
	GlobalSection(ExtensibilityGlobals) = postSolution
		SolutionGuid = {9C5F5D98-0A06-43B2-8247-4D8693999AB9}
	EndGlobalSection
EndGlobal
